{
  "name": "circuit-json-bench",
  "lockfileVersion": 3,
  "requires": true,
  "packages": {
    "": {
      "name": "circuit-json-bench",
      "dependencies": {
        "@tscircuit/circuit-json-util": "latest",
        "@tscircuit/footprinter": "latest",
        "circuit-json": "latest",
        "circuit-json-to-connectivity-map": "latest",
        "circuit-to-svg": "latest",
        "schematic-symbols": "latest"
      }
    },
    "node_modules/@thednp/dommatrix": {
      "version": "3.1.2",
      "resolved": "https://registry.npmjs.org/@thednp/dommatrix/-/dommatrix-3.1.2.tgz",
      "integrity": "sha512-wxRH2/Qdqd+JxFpjb5vw+ZMaij8Hqa/9Hgl41n2Jb+3WNRhdemrosK0FxEo/yEvhvHGW8D1tZ3oPH9N0m1QG+A==",
      "license": "MIT"
    },
    "node_modules/@tscircuit/alphabet": {
      "version": "0.0.26",
      "resolved": "https://registry.npmjs.org/@tscircuit/alphabet/-/alphabet-0.0.26.tgz",
      "integrity": "sha512-vBD87kok/KF7L7i57RluMfpmHulscwN8gGFgjStH9UxXPHH69vIjyGqjMh/98f+U5q49SG9uxPdy1onktMhKoQ==",
      "peer": true,
      "peerDependencies": {
        "typescript": "^5.0.0"
      }
    },
    "node_modules/@tscircuit/circuit-json-util": {
      "version": "0.0.111",
      "resolved": "https://registry.npmjs.org/@tscircuit/circuit-json-util/-/circuit-json-util-0.0.111.tgz",
      "integrity": "sha512-jInIOTEkEoaz/uYe6hrK9fj42SKNrKw1pXrbRHzdSLYnIvIxnL57Gzx0fdFzoQhi7R8p9aHl66yAFX17Uc9lhg==",
      "license": "MIT",
      "dependencies": {
        "parsel-js": "^1.1.2"
      },
      "peerDependencies": {
        "circuit-json": "*",
        "transformation-matrix": "*",
        "zod": "3"
      }
    },
    "node_modules/@tscircuit/footprinter": {
      "version": "0.0.426",
      "resolved": "https://registry.npmjs.org/@tscircuit/footprinter/-/footprinter-0.0.426.tgz",
      "integrity": "sha512-KeZ64m4bAZc8xkpErYCG+RChKw2NoSZy4J5i64vhAkid6oLTTxaH4BALKwDt58ImtfT5bGaCrcDjagLSIVV9jQ==",
      "license": "ISC",
      "dependencies": {
        "@tscircuit/mm": "^0.0.8",
        "zod": "^3.23.8"
      },
      "peerDependencies": {
        "circuit-json": "*"
      }
    },
    "node_modules/@tscircuit/math-utils": {
      "version": "0.0.9",
      "resolved": "https://registry.npmjs.org/@tscircuit/math-utils/-/math-utils-0.0.9.tgz",
      "integrity": "sha512-sPzfXndijet8z29X6f5vnSZddiso2tRg7m6rB+268bVj60mxnxUMD14rKuMlLn6n84fMOpD/X7pRTZUfi6M+Tg==",
      "peerDependencies": {
        "typescript": "^5.0.0"
      }
    },
    "node_modules/@tscircuit/mm": {
      "version": "0.0.8",
      "resolved": "https://registry.npmjs.org/@tscircuit/mm/-/mm-0.0.8.tgz",
      "integrity": "sha512-nl7nxE7AhARbKuobflI0LUzoir7+wJyvwfPw6bzA/O0Q3YTcH3vBkU/Of+V/fp6ht+AofiCXj7YAH9E446138Q==",
      "peerDependencies": {
        "typescript": "^5.0.0"
      }
    },
    "node_modules/@types/node": {
      "version": "22.20.1",
      "resolved": "https://registry.npmjs.org/@types/node/-/node-22.20.1.tgz",
      "integrity": "sha512-EANqOCF9QFyra+4pfxUcX9STKJpCLjMbObVzljIJomAWSnuSIEAvyzEU53GaajbXJEgdh0iEcPL+DGvpUd4k1Q==",
      "license": "MIT",
      "dependencies": {
        "undici-types": "~6.21.0"
      }
    },
    "node_modules/bun-types": {
      "version": "1.4.0",
      "resolved": "https://registry.npmjs.org/bun-types/-/bun-types-1.4.0.tgz",
      "integrity": "sha512-iIKw23BspnQQYd3prITOBxeUsxBHnwzX6YJfGMuNOZzeNcMmVqzIIVGRm1l69ogaPQmb4wB6BN8mA5bE9YuC5Q==",
      "license": "MIT",
      "dependencies": {
        "@types/node": "*"
      }
    },
    "node_modules/calculate-elbow": {
      "version": "0.0.12",
      "resolved": "https://registry.npmjs.org/calculate-elbow/-/calculate-elbow-0.0.12.tgz",
      "integrity": "sha512-UkGS4EhabJn1WR6+UyoWpcxhKMx6MxM7+rK+3G0JcaPLMiYlvv5pEuc91unC/nH7kLGHV9xsVavhr5jJ50o+HA==",
      "peerDependencies": {
        "typescript": "^5"
      }
    },
    "node_modules/circuit-json": {
      "version": "0.0.481",
      "resolved": "https://registry.npmjs.org/circuit-json/-/circuit-json-0.0.481.tgz",
      "integrity": "sha512-lc/9TgWaH+NaDTyK4Iu1SirHgVRTKIyiz7sBShp7jcG45+6j4gymn2si7J94PuLxgklI7I6NDm8KOWsk/alqzA==",
      "license": "ISC",
      "peerDependencies": {
        "format-si-unit": "*"
      }
    },
    "node_modules/circuit-json-to-connectivity-map": {
      "version": "0.0.30",
      "resolved": "https://registry.npmjs.org/circuit-json-to-connectivity-map/-/circuit-json-to-connectivity-map-0.0.30.tgz",
      "integrity": "sha512-NA7ZpCJl1GyoFukdFwrL8D+E0LG37JhvZfHKMM4fYAzyyc7S89KlOPz8kv6q/gUyr+/tRoOBholwIL+L8pPy9Q==",
      "dependencies": {
        "@tscircuit/math-utils": "^0.0.9"
      },
      "peerDependencies": {
        "typescript": "^5.9.3"
      }
    },
    "node_modules/circuit-to-svg": {
      "version": "0.0.411",
      "resolved": "https://registry.npmjs.org/circuit-to-svg/-/circuit-to-svg-0.0.411.tgz",
      "integrity": "sha512-a+A5jYm2VjUVULx3bxGyNmti8KKvrPL17u/RsOVhbbPRod3wK1EB+UjTCrHtYSzo3BBIfyceMldbhDt/P5FzuQ==",
      "license": "ISC",
      "dependencies": {
        "@types/node": "^22.5.5",
        "bun-types": "^1.1.40",
        "calculate-elbow": "0.0.12",
        "debug": "^4.4.3",
        "svg-path-commander": "^2.1.11",
        "svgson": "^5.3.1",
        "transformation-matrix": "^2.16.1"
      },
      "peerDependencies": {
        "@tscircuit/alphabet": "*"
      }
    },
    "node_modules/circuit-to-svg/node_modules/transformation-matrix": {
      "version": "2.16.1",
      "resolved": "https://registry.npmjs.org/transformation-matrix/-/transformation-matrix-2.16.1.tgz",
      "integrity": "sha512-tdtC3wxVEuzU7X/ydL131Q3JU5cPMEn37oqVLITjRDSDsnSHVFzW2JiCLfZLIQEgWzZHdSy3J6bZzvKEN24jGA==",
      "license": "MIT",
      "funding": {
        "url": "https://github.com/sponsors/chrvadala"
      }
    },
    "node_modules/debug": {
      "version": "4.4.3",
      "resolved": "https://registry.npmjs.org/debug/-/debug-4.4.3.tgz",
      "integrity": "sha512-RGwwWnwQvkVfavKVt22FGLw+xYSdzARwm0ru6DhTVA3umU5hZc28V3kO4stgYryrTlLpuvgI9GiijltAjNbcqA==",
      "license": "MIT",
      "dependencies": {
        "ms": "^2.1.3"
      },
      "engines": {
        "node": ">=6.0"
      },
      "peerDependenciesMeta": {
        "supports-color": {
          "optional": true
        }
      }
    },
    "node_modules/deep-rename-keys": {
      "version": "0.2.1",
      "resolved": "https://registry.npmjs.org/deep-rename-keys/-/deep-rename-keys-0.2.1.tgz",
      "integrity": "sha512-RHd9ABw4Fvk+gYDWqwOftG849x0bYOySl/RgX0tLI9i27ZIeSO91mLZJEp7oPHOMFqHvpgu21YptmDt0FYD/0A==",
      "license": "MIT",
      "dependencies": {
        "kind-of": "^3.0.2",
        "rename-keys": "^1.1.2"
      },
      "engines": {
        "node": ">=0.10.0"
      }
    },
    "node_modules/eventemitter3": {
      "version": "2.0.3",
      "resolved": "https://registry.npmjs.org/eventemitter3/-/eventemitter3-2.0.3.tgz",
      "integrity": "sha512-jLN68Dx5kyFHaePoXWPsCGW5qdyZQtLYHkxkg02/Mz6g0kYpDx4FyP6XfArhQdlOC4b8Mv+EMxPo/8La7Tzghg==",
      "license": "MIT"
    },
    "node_modules/format-si-unit": {
      "version": "0.0.14",
      "resolved": "https://registry.npmjs.org/format-si-unit/-/format-si-unit-0.0.14.tgz",
      "integrity": "sha512-HjWPswASCwjjZtEOLugBXENtV0MeySzXVUQKJREhr5N0moWatjBYshTgfetUnPYl07nFgq3uEACsXffA9oE5Hw==",
      "peer": true,
      "peerDependencies": {
        "typescript": "^5.0.0"
      }
    },
    "node_modules/is-buffer": {
      "version": "1.1.6",
      "resolved": "https://registry.npmjs.org/is-buffer/-/is-buffer-1.1.6.tgz",
      "integrity": "sha512-NcdALwpXkTm5Zvvbk7owOUSvVvBKDgKP5/ewfXEznmQFfs4ZRmanOeKBTjRVjka3QFoN6XJ+9F3USqfHqTaU5w==",
      "license": "MIT"
    },
    "node_modules/kind-of": {
      "version": "3.2.2",
      "resolved": "https://registry.npmjs.org/kind-of/-/kind-of-3.2.2.tgz",
      "integrity": "sha512-NOW9QQXMoZGg/oqnVNoNTTIFEIid1627WCffUBJEdMxYApq7mNE7CpzucIPc+ZQg25Phej7IJSmX3hO+oblOtQ==",
      "license": "MIT",
      "dependencies": {
        "is-buffer": "^1.1.5"
      },
      "engines": {
        "node": ">=0.10.0"
      }
    },
    "node_modules/ms": {
      "version": "2.1.3",
      "resolved": "https://registry.npmjs.org/ms/-/ms-2.1.3.tgz",
      "integrity": "sha512-6FlzubTLZG3J2a/NVCAleEhjzq5oxgHyaCU9yYXvcLsvoVaHJq/s5xXI6/XXP6tz7R9xAOtHnSO/tXtF3WRTlA==",
      "license": "MIT"
    },
    "node_modules/parsel-js": {
      "version": "1.2.3",
      "resolved": "https://registry.npmjs.org/parsel-js/-/parsel-js-1.2.3.tgz",
      "integrity": "sha512-kJHFmSNnujpusFfVEXjNaoJ09VYHF8Ih0aVUn7Clu+Ug8AFoA2wx7Ezh17JfW4+vhm/lauAd9A+//uFkmydZtQ==",
      "funding": [
        {
          "type": "individual",
          "url": "https://github.com/sponsors/LeaVerou"
        },
        {
          "type": "opencollective",
          "url": "https://opencollective.com/leaverou"
        }
      ],
      "license": "MIT"
    },
    "node_modules/rename-keys": {
      "version": "1.2.0",
      "resolved": "https://registry.npmjs.org/rename-keys/-/rename-keys-1.2.0.tgz",
      "integrity": "sha512-U7XpAktpbSgHTRSNRrjKSrjYkZKuhUukfoBlXWXUExCAqhzh1TU3BDRAfJmarcl5voKS+pbKU9MvyLWKZ4UEEg==",
      "license": "MIT",
      "engines": {
        "node": ">= 0.8.0"
      }
    },
    "node_modules/schematic-symbols": {
      "version": "0.0.244",
      "resolved": "https://registry.npmjs.org/schematic-symbols/-/schematic-symbols-0.0.244.tgz",
      "integrity": "sha512-wv/WM0W88BuXhp/Nwyq4YJ075KHnGUDJGM/CuvzTb25Jwcj/YFK/kHl1qPlWwf+QB5v/WBJ72xmqOukhCvodVg==",
      "peerDependencies": {
        "typescript": "^5.5.4"
      }
    },
    "node_modules/svg-path-commander": {
      "version": "2.3.3",
      "resolved": "https://registry.npmjs.org/svg-path-commander/-/svg-path-commander-2.3.3.tgz",
      "integrity": "sha512-eeNMlh4JHxAG0820MwHM7A4UD3PRMFALNORZbEwCJx5O1Uhn2CWnLBNxHXWGdahiJVtSsG8VKoW+HzLtY73J/A==",
      "license": "MIT",
      "dependencies": {
        "@thednp/dommatrix": "^3.1.2"
      }
    },
    "node_modules/svgson": {
      "version": "5.3.1",
      "resolved": "https://registry.npmjs.org/svgson/-/svgson-5.3.1.tgz",
      "integrity": "sha512-qdPgvUNWb40gWktBJnbJRelWcPzkLed/ShhnRsjbayXz8OtdPOzbil9jtiZdrYvSDumAz/VNQr6JaNfPx/gvPA==",
      "license": "MIT",
      "dependencies": {
        "deep-rename-keys": "^0.2.1",
        "xml-reader": "2.4.3"
      }
    },
    "node_modules/transformation-matrix": {
      "version": "3.1.0",
      "resolved": "https://registry.npmjs.org/transformation-matrix/-/transformation-matrix-3.1.0.tgz",
      "integrity": "sha512-oYubRWTi2tYFHAL2J8DLvPIqIYcYZ0fSOi2vmSy042Ho4jBW2ce6VP7QfD44t65WQz6bw5w1Pk22J7lcUpaTKA==",
      "license": "MIT",
      "peer": true,
      "funding": {
        "url": "https://github.com/sponsors/chrvadala"
      }
    },
    "node_modules/typescript": {
      "version": "5.9.3",
      "resolved": "https://registry.npmjs.org/typescript/-/typescript-5.9.3.tgz",
      "integrity": "sha512-jl1vZzPDinLr9eUt3J/t7V6FgNEw9QjvBPdysz9KfQDD41fQrC2Y4vKQdiaUpFT4bXlb1RHhLpp8wtm6M5TgSw==",
      "license": "Apache-2.0",
      "peer": true,
      "bin": {
        "tsc": "bin/tsc",
        "tsserver": "bin/tsserver"
      },
      "engines": {
        "node": ">=14.17"
      }
    },
    "node_modules/undici-types": {
      "version": "6.21.0",
      "resolved": "https://registry.npmjs.org/undici-types/-/undici-types-6.21.0.tgz",
      "integrity": "sha512-iwDZqg0QAGrg9Rav5H4n0M64c3mkR59cJ6wQp+7C4nI0gsmExaedaYLNO44eT4AtBBwjbTiGPMlt2Md0T9H9JQ==",
      "license": "MIT"
    },
    "node_modules/xml-lexer": {
      "version": "0.2.2",
      "resolved": "https://registry.npmjs.org/xml-lexer/-/xml-lexer-0.2.2.tgz",
      "integrity": "sha512-G0i98epIwiUEiKmMcavmVdhtymW+pCAohMRgybyIME9ygfVu8QheIi+YoQh3ngiThsT0SQzJT4R0sKDEv8Ou0w==",
      "license": "MIT",
      "dependencies": {
        "eventemitter3": "^2.0.0"
      }
    },
    "node_modules/xml-reader": {
      "version": "2.4.3",
      "resolved": "https://registry.npmjs.org/xml-reader/-/xml-reader-2.4.3.tgz",
      "integrity": "sha512-xWldrIxjeAMAu6+HSf9t50ot1uL5M+BtOidRCWHXIeewvSeIpscWCsp4Zxjk8kHHhdqFBrfK8U0EJeCcnyQ/gA==",
      "license": "MIT",
      "dependencies": {
        "eventemitter3": "^2.0.0",
        "xml-lexer": "^0.2.2"
      }
    },
    "node_modules/zod": {
      "version": "3.25.76",
      "resolved": "https://registry.npmjs.org/zod/-/zod-3.25.76.tgz",
      "integrity": "sha512-gzUt/qt81nXsFGKIFcC3YnfEAx5NkunCfnDlvuBSSFS02bcXu4Lmea0AFIUwbLWxWPx3d9p8S5QoaujKcNQxcQ==",
      "license": "MIT",
      "funding": {
        "url": "https://github.com/sponsors/colinhacks"
      }
    }
  }
}
